
Microsoft Visual Studio Solution File, Format Version 12.00
# Visual Studio Version 17
VisualStudioVersion = 17.1.32414.318
MinimumVisualStudioVersion = 10.0.40219.1
Project("{8BC9CEB8-8B4A-11D0-8D11-00A0C91BC942}") = "Ver1", "Ver1\Ver1.vcxproj", "{DEBA4547-B834-4F3F-A800-C8410C7E3F4C}"
EndProject
Global
	GlobalSection(SolutionConfigurationPlatforms) = preSolution
		Debug|x64 = Debug|x64
		Debug|x86 = Debug|x86
		Release|x64 = Release|x64
		Release|x86 = Release|x86
	EndGlobalSection
	GlobalSection(ProjectConfigurationPlatforms) = postSolution
		{DEBA4547-B834-4F3F-A800-C8410C7E3F4C}.Debug|x64.ActiveCfg = Debug|x64
		{DEBA4547-B834-4F3F-A800-C8410C7E3F4C}.Debug|x64.Build.0 = Debug|x64
		{DEBA4547-B834-4F3F-A800-C8410C7E3F4C}.Debug|x86.ActiveCfg = Debug|Win32
		{DEBA4547-B834-4F3F-A800-C8410C7E3F4C}.Debug|x86.Build.0 = Debug|Win32
		{DEBA4547-B834-4F3F-A800-C8410C7E3F4C}.Release|x64.ActiveCfg = Release|x64
		{DEBA4547-B834-4F3F-A800-C8410C7E3F4C}.Release|x64.Build.0 = Release|x64
		{DEBA4547-B834-4F3F-A800-C8410C7E3F4C}.Release|x86.ActiveCfg = Release|Win32
		{DEBA4547-B834-4F3F-A800-C8410C7E3F4C}.Release|x86.Build.0 = Release|Win32
	EndGlobalSection
	GlobalSection(SolutionProperties) = preSolution
		HideSolutionNode = FALSE
	EndGlobalSection
	GlobalSection(ExtensibilityGlobals) = postSolution
		SolutionGuid = {04DF56CF-8CA4-4555-896F-9FC7105494DB}
	EndGlobalSection
EndGlobal
